
Microsoft Visual Studio Solution File, Format Version 12.00
# Visual Studio 15
VisualStudioVersion = 15.0.28307.757
MinimumVisualStudioVersion = 10.0.40219.1
Project("{888888A0-9F3D-457C-B088-3A5042F75D52}") = "串列生成式(List_Comprehension)", "串列生成式(List_Comprehension)\串列生成式(List_Comprehension).pyproj", "{3355CED9-125E-4004-AC72-7C6CC36D9B52}"
EndProject
Global
	GlobalSection(SolutionConfigurationPlatforms) = preSolution
		Debug|Any CPU = Debug|Any CPU
		Release|Any CPU = Release|Any CPU
	EndGlobalSection
	GlobalSection(ProjectConfigurationPlatforms) = postSolution
		{3355CED9-125E-4004-AC72-7C6CC36D9B52}.Debug|Any CPU.ActiveCfg = Debug|Any CPU
		{3355CED9-125E-4004-AC72-7C6CC36D9B52}.Release|Any CPU.ActiveCfg = Release|Any CPU
	EndGlobalSection
	GlobalSection(SolutionProperties) = preSolution
		HideSolutionNode = FALSE
	EndGlobalSection
	GlobalSection(ExtensibilityGlobals) = postSolution
		SolutionGuid = {D6BDBDD1-BFE3-46A7-B3F8-D30AE64D0241}
	EndGlobalSection
EndGlobal
