
Microsoft Visual Studio Solution File, Format Version 12.00
# Visual Studio 15
VisualStudioVersion = 15.0.28307.960
MinimumVisualStudioVersion = 10.0.40219.1
Project("{888888A0-9F3D-457C-B088-3A5042F75D52}") = "tqdm範例", "tqdm範例\tqdm範例.pyproj", "{6A3C5CA8-A3D4-41BC-B4B9-6311BC2C62F5}"
EndProject
Global
	GlobalSection(SolutionConfigurationPlatforms) = preSolution
		Debug|Any CPU = Debug|Any CPU
		Release|Any CPU = Release|Any CPU
	EndGlobalSection
	GlobalSection(ProjectConfigurationPlatforms) = postSolution
		{6A3C5CA8-A3D4-41BC-B4B9-6311BC2C62F5}.Debug|Any CPU.ActiveCfg = Debug|Any CPU
		{6A3C5CA8-A3D4-41BC-B4B9-6311BC2C62F5}.Release|Any CPU.ActiveCfg = Release|Any CPU
	EndGlobalSection
	GlobalSection(SolutionProperties) = preSolution
		HideSolutionNode = FALSE
	EndGlobalSection
	GlobalSection(ExtensibilityGlobals) = postSolution
		SolutionGuid = {598C083F-B836-4DE5-9145-E88328BACFCA}
	EndGlobalSection
EndGlobal
