
Microsoft Visual Studio Solution File, Format Version 12.00
# Visual Studio 15
VisualStudioVersion = 15.0.28307.757
MinimumVisualStudioVersion = 10.0.40219.1
Project("{888888A0-9F3D-457C-B088-3A5042F75D52}") = "函數參數拆箱", "函數參數拆箱\函數參數拆箱.pyproj", "{2194ECF2-A547-4393-A205-0B8373815C9F}"
EndProject
Global
	GlobalSection(SolutionConfigurationPlatforms) = preSolution
		Debug|Any CPU = Debug|Any CPU
		Release|Any CPU = Release|Any CPU
	EndGlobalSection
	GlobalSection(ProjectConfigurationPlatforms) = postSolution
		{2194ECF2-A547-4393-A205-0B8373815C9F}.Debug|Any CPU.ActiveCfg = Debug|Any CPU
		{2194ECF2-A547-4393-A205-0B8373815C9F}.Release|Any CPU.ActiveCfg = Release|Any CPU
	EndGlobalSection
	GlobalSection(SolutionProperties) = preSolution
		HideSolutionNode = FALSE
	EndGlobalSection
	GlobalSection(ExtensibilityGlobals) = postSolution
		SolutionGuid = {A6D24D44-0376-4861-B473-27A360C6DAD4}
	EndGlobalSection
EndGlobal
