
Microsoft Visual Studio Solution File, Format Version 12.00
# Visual Studio 15
VisualStudioVersion = 15.0.28307.852
MinimumVisualStudioVersion = 10.0.40219.1
Project("{888888A0-9F3D-457C-B088-3A5042F75D52}") = "Logger", "Logger\Logger.pyproj", "{B80BB371-68A6-4DA0-A10A-6C296B9DD34C}"
EndProject
Global
	GlobalSection(SolutionConfigurationPlatforms) = preSolution
		Debug|Any CPU = Debug|Any CPU
		Release|Any CPU = Release|Any CPU
	EndGlobalSection
	GlobalSection(ProjectConfigurationPlatforms) = postSolution
		{B80BB371-68A6-4DA0-A10A-6C296B9DD34C}.Debug|Any CPU.ActiveCfg = Debug|Any CPU
		{B80BB371-68A6-4DA0-A10A-6C296B9DD34C}.Release|Any CPU.ActiveCfg = Release|Any CPU
	EndGlobalSection
	GlobalSection(SolutionProperties) = preSolution
		HideSolutionNode = FALSE
	EndGlobalSection
	GlobalSection(ExtensibilityGlobals) = postSolution
		SolutionGuid = {79B2A658-B57A-4FC0-9028-D37CEB8FDAFA}
	EndGlobalSection
EndGlobal
