
Microsoft Visual Studio Solution File, Format Version 12.00
# Visual Studio 15
VisualStudioVersion = 15.0.28307.757
MinimumVisualStudioVersion = 10.0.40219.1
Project("{888888A0-9F3D-457C-B088-3A5042F75D52}") = "具名元祖(namedtuple)", "具名元祖(namedtuple)\具名元祖(namedtuple).pyproj", "{FFA31D12-1054-4677-8BFA-E6F91FC74A67}"
EndProject
Global
	GlobalSection(SolutionConfigurationPlatforms) = preSolution
		Debug|Any CPU = Debug|Any CPU
		Release|Any CPU = Release|Any CPU
	EndGlobalSection
	GlobalSection(ProjectConfigurationPlatforms) = postSolution
		{FFA31D12-1054-4677-8BFA-E6F91FC74A67}.Debug|Any CPU.ActiveCfg = Debug|Any CPU
		{FFA31D12-1054-4677-8BFA-E6F91FC74A67}.Release|Any CPU.ActiveCfg = Release|Any CPU
	EndGlobalSection
	GlobalSection(SolutionProperties) = preSolution
		HideSolutionNode = FALSE
	EndGlobalSection
	GlobalSection(ExtensibilityGlobals) = postSolution
		SolutionGuid = {0F2B2387-5D42-404A-9A49-FB65235407AC}
	EndGlobalSection
EndGlobal
