
Microsoft Visual Studio Solution File, Format Version 12.00
# Visual Studio 15
VisualStudioVersion = 15.0.28307.757
MinimumVisualStudioVersion = 10.0.40219.1
Project("{888888A0-9F3D-457C-B088-3A5042F75D52}") = "字典用法", "字典用法\字典用法.pyproj", "{28259B20-F71B-4919-B453-9A30FB7F4EE1}"
EndProject
Global
	GlobalSection(SolutionConfigurationPlatforms) = preSolution
		Debug|Any CPU = Debug|Any CPU
		Release|Any CPU = Release|Any CPU
	EndGlobalSection
	GlobalSection(ProjectConfigurationPlatforms) = postSolution
		{28259B20-F71B-4919-B453-9A30FB7F4EE1}.Debug|Any CPU.ActiveCfg = Debug|Any CPU
		{28259B20-F71B-4919-B453-9A30FB7F4EE1}.Release|Any CPU.ActiveCfg = Release|Any CPU
	EndGlobalSection
	GlobalSection(SolutionProperties) = preSolution
		HideSolutionNode = FALSE
	EndGlobalSection
	GlobalSection(ExtensibilityGlobals) = postSolution
		SolutionGuid = {50735D8E-98CE-4869-9E85-B94F7B9E578B}
	EndGlobalSection
EndGlobal
